
Microsoft Visual Studio Solution File, Format Version 12.00
# Visual Studio Version 17
VisualStudioVersion = 17.0.32112.339
MinimumVisualStudioVersion = 10.0.40219.1
Project("{FAE04EC0-301F-11D3-BF4B-00C04F79EFBC}") = "eshop.Domain", "eshop.Domain\eshop.Domain.csproj", "{B6E7D6FE-77E7-4319-9679-BB74278ABE96}"
EndProject
Project("{FAE04EC0-301F-11D3-BF4B-00C04F79EFBC}") = "eshop.Infrastructure", "eshop.Infrastructure\eshop.Infrastructure.csproj", "{3EE0E126-1EDE-4B4D-897B-A575626F68D8}"
EndProject
Project("{FAE04EC0-301F-11D3-BF4B-00C04F79EFBC}") = "eshop.UI", "eshop.UI\eshop.UI.csproj", "{AEAA83C1-B920-4DB8-8B5B-6E2395E3CB8B}"
EndProject
Global
	GlobalSection(SolutionConfigurationPlatforms) = preSolution
		Debug|Any CPU = Debug|Any CPU
		Release|Any CPU = Release|Any CPU
	EndGlobalSection
	GlobalSection(ProjectConfigurationPlatforms) = postSolution
		{B6E7D6FE-77E7-4319-9679-BB74278ABE96}.Debug|Any CPU.ActiveCfg = Debug|Any CPU
		{B6E7D6FE-77E7-4319-9679-BB74278ABE96}.Debug|Any CPU.Build.0 = Debug|Any CPU
		{B6E7D6FE-77E7-4319-9679-BB74278ABE96}.Release|Any CPU.ActiveCfg = Release|Any CPU
		{B6E7D6FE-77E7-4319-9679-BB74278ABE96}.Release|Any CPU.Build.0 = Release|Any CPU
		{3EE0E126-1EDE-4B4D-897B-A575626F68D8}.Debug|Any CPU.ActiveCfg = Debug|Any CPU
		{3EE0E126-1EDE-4B4D-897B-A575626F68D8}.Debug|Any CPU.Build.0 = Debug|Any CPU
		{3EE0E126-1EDE-4B4D-897B-A575626F68D8}.Release|Any CPU.ActiveCfg = Release|Any CPU
		{3EE0E126-1EDE-4B4D-897B-A575626F68D8}.Release|Any CPU.Build.0 = Release|Any CPU
		{AEAA83C1-B920-4DB8-8B5B-6E2395E3CB8B}.Debug|Any CPU.ActiveCfg = Debug|Any CPU
		{AEAA83C1-B920-4DB8-8B5B-6E2395E3CB8B}.Debug|Any CPU.Build.0 = Debug|Any CPU
		{AEAA83C1-B920-4DB8-8B5B-6E2395E3CB8B}.Release|Any CPU.ActiveCfg = Release|Any CPU
		{AEAA83C1-B920-4DB8-8B5B-6E2395E3CB8B}.Release|Any CPU.Build.0 = Release|Any CPU
	EndGlobalSection
	GlobalSection(SolutionProperties) = preSolution
		HideSolutionNode = FALSE
	EndGlobalSection
	GlobalSection(ExtensibilityGlobals) = postSolution
		SolutionGuid = {A686138C-85FF-4CE3-B34E-21D4C2278E6C}
	EndGlobalSection
EndGlobal
